
Microsoft Visual Studio Solution File, Format Version 12.00
# Visual Studio Version 17
VisualStudioVersion = 17.7.34009.444
MinimumVisualStudioVersion = 10.0.40219.1
Project("{9A19103F-16F7-4668-BE54-9A1E7A4F7556}") = "CrudAjaxPRACTICE", "CrudAjax\CrudAjaxPRACTICE.csproj", "{A18F5763-7470-42AA-8B70-13568F9E0AD0}"
EndProject
Global
	GlobalSection(SolutionConfigurationPlatforms) = preSolution
		Debug|Any CPU = Debug|Any CPU
		Release|Any CPU = Release|Any CPU
	EndGlobalSection
	GlobalSection(ProjectConfigurationPlatforms) = postSolution
		{A18F5763-7470-42AA-8B70-13568F9E0AD0}.Debug|Any CPU.ActiveCfg = Debug|Any CPU
		{A18F5763-7470-42AA-8B70-13568F9E0AD0}.Debug|Any CPU.Build.0 = Debug|Any CPU
		{A18F5763-7470-42AA-8B70-13568F9E0AD0}.Release|Any CPU.ActiveCfg = Release|Any CPU
		{A18F5763-7470-42AA-8B70-13568F9E0AD0}.Release|Any CPU.Build.0 = Release|Any CPU
	EndGlobalSection
	GlobalSection(SolutionProperties) = preSolution
		HideSolutionNode = FALSE
	EndGlobalSection
	GlobalSection(ExtensibilityGlobals) = postSolution
		SolutionGuid = {8460202C-6795-4C6E-9C33-025DAF5242C5}
	EndGlobalSection
EndGlobal
